<?xml version="1.0" encoding="utf-8"?>
<Project ToolsVersion="4.0" xmlns="http://schemas.microsoft.com/developer/msbuild/2003">
  <ItemGroup>
    <Filter Include="ソース ファイル">
      <UniqueIdentifier>{4FC737F1-C7A5-4376-A066-2A32D752A2FF}</UniqueIdentifier>
      <Extensions>cpp;c;cc;cxx;c++;cppm;ixx;def;odl;idl;hpj;bat;asm;asmx</Extensions>
    </Filter>
    <Filter Include="ヘッダー ファイル">
      <UniqueIdentifier>{93995380-89BD-4b04-88EB-625FBE52EBFB}</UniqueIdentifier>
      <Extensions>h;hh;hpp;hxx;h++;hm;inl;inc;ipp;xsd</Extensions>
    </Filter>
    <Filter Include="リソース ファイル">
      <UniqueIdentifier>{67DA6AB6-F800-4c08-8B7A-83BB121AAD01}</UniqueIdentifier>
      <Extensions>rc;ico;cur;bmp;dlg;rc2;rct;bin;rgs;gif;jpg;jpeg;jpe;resx;tiff;tif;png;wav;mfcribbon-ms</Extensions>
    </Filter>
    <Filter Include="リソース ファイル\shader">
      <UniqueIdentifier>{e3667543-9039-4809-bddd-a57c5f67affa}</UniqueIdentifier>
    </Filter>
    <Filter Include="ソース ファイル\Engine">
      <UniqueIdentifier>{7d161a67-043c-412f-b75b-f7fde2c21da9}</UniqueIdentifier>
    </Filter>
    <Filter Include="ソース ファイル\Engine\Audio">
      <UniqueIdentifier>{939aa64d-4ea8-4756-a0bf-41591918cd15}</UniqueIdentifier>
    </Filter>
    <Filter Include="ソース ファイル\Engine\Base">
      <UniqueIdentifier>{84a2764c-19e2-4902-9a83-fd21093ffefc}</UniqueIdentifier>
    </Filter>
    <Filter Include="ソース ファイル\Engine\Input">
      <UniqueIdentifier>{63cc3ec2-147c-421c-a473-18e48d9ba464}</UniqueIdentifier>
    </Filter>
    <Filter Include="ソース ファイル\Engine\Scene">
      <UniqueIdentifier>{ef5d359c-6dd6-462c-99cf-bdb329afc26d}</UniqueIdentifier>
    </Filter>
    <Filter Include="ソース ファイル\Engine\Object">
      <UniqueIdentifier>{0f389653-b3bb-479c-8a5b-d8870adc5dfd}</UniqueIdentifier>
    </Filter>
    <Filter Include="ソース ファイル\Engine\Object\3d">
      <UniqueIdentifier>{9eb2cb94-5498-480a-8e6d-624c421846d1}</UniqueIdentifier>
    </Filter>
    <Filter Include="ソース ファイル\Engine\Object\2d">
      <UniqueIdentifier>{4d1010ca-4cd8-4e75-bb27-44bfc40e3248}</UniqueIdentifier>
    </Filter>
    <Filter Include="ソース ファイル\Engine\Object\Elem">
      <UniqueIdentifier>{98f9eb60-b890-45cb-88b3-8dd628d2a44d}</UniqueIdentifier>
    </Filter>
    <Filter Include="ソース ファイル\Application">
      <UniqueIdentifier>{3224a889-705c-4b0c-9a30-1f28120c42ca}</UniqueIdentifier>
    </Filter>
    <Filter Include="ソース ファイル\Application\Scene">
      <UniqueIdentifier>{ecec2db0-6a59-4824-b271-9482c41a74f5}</UniqueIdentifier>
    </Filter>
    <Filter Include="ソース ファイル\Application\Base">
      <UniqueIdentifier>{7331dc00-8d68-4e92-ada1-3027d754cab4}</UniqueIdentifier>
    </Filter>
    <Filter Include="ソース ファイル\Engine\Util">
      <UniqueIdentifier>{fb2146e2-0e1c-454a-b15b-7d3627da88f3}</UniqueIdentifier>
    </Filter>
    <Filter Include="ヘッダー ファイル\Engine">
      <UniqueIdentifier>{dc5a0bea-0f5f-435d-a28e-df7e355beefc}</UniqueIdentifier>
    </Filter>
    <Filter Include="ヘッダー ファイル\Engine\Object">
      <UniqueIdentifier>{6d6c8107-95d3-44c2-b027-88358890eeb9}</UniqueIdentifier>
    </Filter>
    <Filter Include="ヘッダー ファイル\Engine\Object\2d">
      <UniqueIdentifier>{ca88b857-684b-4fae-a9d1-f847023fa16d}</UniqueIdentifier>
    </Filter>
    <Filter Include="ヘッダー ファイル\Engine\Object\3d">
      <UniqueIdentifier>{c0ad25a2-b40b-4eb1-bde0-e134dd505c61}</UniqueIdentifier>
    </Filter>
    <Filter Include="ヘッダー ファイル\Engine\Object\elem">
      <UniqueIdentifier>{f0d46203-b032-427f-9da2-9a0c159c3e70}</UniqueIdentifier>
    </Filter>
    <Filter Include="ヘッダー ファイル\Engine\Audio">
      <UniqueIdentifier>{fe982885-b2bb-46ff-a364-80d5fe50844d}</UniqueIdentifier>
    </Filter>
    <Filter Include="ヘッダー ファイル\Engine\Base">
      <UniqueIdentifier>{520d7afa-25e0-466e-b315-0119962d8842}</UniqueIdentifier>
    </Filter>
    <Filter Include="ヘッダー ファイル\Engine\Input">
      <UniqueIdentifier>{b3b5a04a-9033-465a-a7f4-274cf732b5ac}</UniqueIdentifier>
    </Filter>
    <Filter Include="ヘッダー ファイル\Engine\Util">
      <UniqueIdentifier>{9054b3ca-c094-443f-b897-d829b6f786e3}</UniqueIdentifier>
    </Filter>
    <Filter Include="ヘッダー ファイル\Engine\Scene">
      <UniqueIdentifier>{17f8c1a1-afd4-4008-95a0-7ed717c04b3b}</UniqueIdentifier>
    </Filter>
    <Filter Include="ヘッダー ファイル\Application">
      <UniqueIdentifier>{52e0ebdc-f309-4ac3-846e-488d61eae9a2}</UniqueIdentifier>
    </Filter>
    <Filter Include="ヘッダー ファイル\Application\Base">
      <UniqueIdentifier>{e0279cf5-abc9-460f-bc4b-8805b7323c55}</UniqueIdentifier>
    </Filter>
    <Filter Include="ヘッダー ファイル\Application\Scene">
      <UniqueIdentifier>{503f83bc-ba12-4e8e-8e2b-d7e2d170554a}</UniqueIdentifier>
    </Filter>
  </ItemGroup>
  <ItemGroup>
    <ClCompile Include="main.cpp">
      <Filter>ソース ファイル</Filter>
    </ClCompile>
    <ClCompile Include="Engine\Object\2d\Sprite.cpp">
      <Filter>ソース ファイル\Engine\Object\2d</Filter>
    </ClCompile>
    <ClCompile Include="Engine\Object\2d\Texture.cpp">
      <Filter>ソース ファイル\Engine\Object\2d</Filter>
    </ClCompile>
    <ClCompile Include="Engine\Object\2d\Billborad.cpp">
      <Filter>ソース ファイル\Engine\Object\2d</Filter>
    </ClCompile>
    <ClCompile Include="Engine\Object\3d\Obj3d.cpp">
      <Filter>ソース ファイル\Engine\Object\3d</Filter>
    </ClCompile>
    <ClCompile Include="Engine\Object\3d\Camera.cpp">
      <Filter>ソース ファイル\Engine\Object\3d</Filter>
    </ClCompile>
    <ClCompile Include="Engine\Object\3d\Cube.cpp">
      <Filter>ソース ファイル\Engine\Object\3d</Filter>
    </ClCompile>
    <ClCompile Include="Engine\Scene\AbstractSceneFactory.cpp">
      <Filter>ソース ファイル\Engine\Scene</Filter>
    </ClCompile>
    <ClCompile Include="Engine\Scene\SceneFactory.cpp">
      <Filter>ソース ファイル\Engine\Scene</Filter>
    </ClCompile>
    <ClCompile Include="Engine\Base\SceneManager.cpp">
      <Filter>ソース ファイル\Engine\Scene</Filter>
    </ClCompile>
    <ClCompile Include="Engine\Base\CtrlFPS.cpp">
      <Filter>ソース ファイル\Engine\Base</Filter>
    </ClCompile>
    <ClCompile Include="Engine\Audio\XAudio.cpp">
      <Filter>ソース ファイル\Engine\Audio</Filter>
    </ClCompile>
    <ClCompile Include="Engine\Base\Window.cpp">
      <Filter>ソース ファイル\Engine\Base</Filter>
    </ClCompile>
    <ClCompile Include="Engine\Object\3d\Model.cpp">
      <Filter>ソース ファイル\Engine\Object\3d</Filter>
    </ClCompile>
    <ClCompile Include="Engine\Base\InitDirectX.cpp">
      <Filter>ソース ファイル\Engine\Base</Filter>
    </ClCompile>
    <ClCompile Include="Engine\Base\ImGuiController.cpp">
      <Filter>ソース ファイル\Engine\Base</Filter>
    </ClCompile>
    <ClCompile Include="Engine\Base\BasicFrame.cpp">
      <Filter>ソース ファイル\Engine\Base</Filter>
    </ClCompile>
    <ClCompile Include="Engine\Base\GameSystem.cpp">
      <Filter>ソース ファイル\Engine\Base</Filter>
    </ClCompile>
    <ClCompile Include="Engine\Input\Input.cpp">
      <Filter>ソース ファイル\Engine\Input</Filter>
    </ClCompile>
    <ClCompile Include="Engine\Object\Elem\GraphicsPipeline.cpp">
      <Filter>ソース ファイル\Engine\Object\Elem</Filter>
    </ClCompile>
    <ClCompile Include="Engine\Object\Elem\WorldCoordinate.cpp">
      <Filter>ソース ファイル\Engine\Object\Elem</Filter>
    </ClCompile>
    <ClCompile Include="Engine\Object\Elem\SharedStruct.cpp">
      <Filter>ソース ファイル\Engine\Object\Elem</Filter>
    </ClCompile>
    <ClCompile Include="Application\Scene\TitleScene.cpp">
      <Filter>ソース ファイル\Application\Scene</Filter>
    </ClCompile>
    <ClCompile Include="Application\Scene\GameScene.cpp">
      <Filter>ソース ファイル\Application\Scene</Filter>
    </ClCompile>
    <ClCompile Include="Application\Base\ResourceLoad.cpp">
      <Filter>ソース ファイル\Application\Base</Filter>
    </ClCompile>
    <ClCompile Include="Engine\Util\Util.cpp">
      <Filter>ソース ファイル\Engine\Util</Filter>
    </ClCompile>
    <ClCompile Include="Engine\Scene\BaseScene.cpp">
      <Filter>ソース ファイル</Filter>
    </ClCompile>
    <ClCompile Include="CollisionPrimitive.cpp">
      <Filter>ソース ファイル</Filter>
    </ClCompile>
    <ClCompile Include="Collision.cpp">
      <Filter>ソース ファイル</Filter>
    </ClCompile>
  </ItemGroup>
  <ItemGroup>
    <FxCompile Include="BasicVS.hlsl" />
    <FxCompile Include="BasicPS.hlsl" />
    <FxCompile Include="Resources\Shaders\ModelVS.hlsl">
      <Filter>リソース ファイル\shader</Filter>
    </FxCompile>
    <FxCompile Include="Resources\Shaders\ModelPS.hlsl">
      <Filter>リソース ファイル\shader</Filter>
    </FxCompile>
    <FxCompile Include="Resources\Shaders\SpriteVS.hlsl">
      <Filter>リソース ファイル\shader</Filter>
    </FxCompile>
    <FxCompile Include="Resources\Shaders\SpritePS.hlsl">
      <Filter>リソース ファイル\shader</Filter>
    </FxCompile>
  </ItemGroup>
  <ItemGroup>
    <None Include="Basic.hlsli" />
    <None Include="packages.config" />
    <None Include="Resources\Shaders\Model.hlsli">
      <Filter>リソース ファイル\shader</Filter>
    </None>
    <None Include="Resources\Shaders\Sprite.hlsli">
      <Filter>リソース ファイル\shader</Filter>
    </None>
  </ItemGroup>
  <ItemGroup>
    <ClInclude Include="Engine\Object\2d\Sprite.h">
      <Filter>ヘッダー ファイル\Engine\Object\2d</Filter>
    </ClInclude>
    <ClInclude Include="Engine\Object\3d\Camera.h">
      <Filter>ヘッダー ファイル\Engine\Object\3d</Filter>
    </ClInclude>
    <ClInclude Include="Engine\Object\3d\Cube.h">
      <Filter>ヘッダー ファイル\Engine\Object\3d</Filter>
    </ClInclude>
    <ClInclude Include="Engine\Object\3d\Obj3d.h">
      <Filter>ヘッダー ファイル\Engine\Object\3d</Filter>
    </ClInclude>
    <ClInclude Include="Engine\Object\Elem\ConstBuffer.h">
      <Filter>ヘッダー ファイル\Engine\Object\elem</Filter>
    </ClInclude>
    <ClInclude Include="Engine\Object\Elem\GraphicsPipeline.h">
      <Filter>ヘッダー ファイル\Engine\Object\elem</Filter>
    </ClInclude>
    <ClInclude Include="Engine\Object\Elem\SharedStruct.h">
      <Filter>ヘッダー ファイル\Engine\Object\elem</Filter>
    </ClInclude>
    <ClInclude Include="Engine\Object\Elem\WorldCoordinate.h">
      <Filter>ヘッダー ファイル\Engine\Object\elem</Filter>
    </ClInclude>
    <ClInclude Include="Engine\Object\2d\Billborad.h">
      <Filter>ヘッダー ファイル\Engine\Object\2d</Filter>
    </ClInclude>
    <ClInclude Include="resource.h">
      <Filter>ヘッダー ファイル</Filter>
    </ClInclude>
    <ClInclude Include="Engine\Object\2d\Texture.h">
      <Filter>ヘッダー ファイル\Engine\Object\2d</Filter>
    </ClInclude>
    <ClInclude Include="Engine\Object\3d\Model.h">
      <Filter>ヘッダー ファイル\Engine\Object\3d</Filter>
    </ClInclude>
    <ClInclude Include="Engine\Audio\XAudio.h">
      <Filter>ヘッダー ファイル\Engine\Audio</Filter>
    </ClInclude>
    <ClInclude Include="Engine\Base\Window.h">
      <Filter>ヘッダー ファイル\Engine\Base</Filter>
    </ClInclude>
    <ClInclude Include="Engine\Base\BasicFrame.h">
      <Filter>ヘッダー ファイル\Engine\Base</Filter>
    </ClInclude>
    <ClInclude Include="Engine\Base\CtrlFPS.h">
      <Filter>ヘッダー ファイル\Engine\Base</Filter>
    </ClInclude>
    <ClInclude Include="Engine\Base\ImGuiController.h">
      <Filter>ヘッダー ファイル\Engine\Base</Filter>
    </ClInclude>
    <ClInclude Include="Engine\Base\InitDirectX.h">
      <Filter>ヘッダー ファイル\Engine\Base</Filter>
    </ClInclude>
    <ClInclude Include="Engine\Scene\SceneFactory.h">
      <Filter>ヘッダー ファイル\Engine\Scene</Filter>
    </ClInclude>
    <ClInclude Include="Engine\Scene\AbstractSceneFactory.h">
      <Filter>ヘッダー ファイル\Engine\Scene</Filter>
    </ClInclude>
    <ClInclude Include="Engine\Base\SceneManager.h">
      <Filter>ヘッダー ファイル\Engine\Scene</Filter>
    </ClInclude>
    <ClInclude Include="Engine\Input\Input.h">
      <Filter>ヘッダー ファイル\Engine\Input</Filter>
    </ClInclude>
    <ClInclude Include="Engine\Base\GameSystem.h">
      <Filter>ヘッダー ファイル\Engine\Base</Filter>
    </ClInclude>
    <ClInclude Include="Application\Base\ResourceLoad.h">
      <Filter>ヘッダー ファイル\Application\Base</Filter>
    </ClInclude>
    <ClInclude Include="Application\Scene\GameScene.h">
      <Filter>ヘッダー ファイル\Application\Scene</Filter>
    </ClInclude>
    <ClInclude Include="Engine\Util\Util.h">
      <Filter>ヘッダー ファイル\Engine\Util</Filter>
    </ClInclude>
    <ClInclude Include="Application\Scene\TitleScene.h">
      <Filter>ヘッダー ファイル\Application\Scene</Filter>
    </ClInclude>
    <ClInclude Include="Engine\Scene\BaseScene.h">
      <Filter>ヘッダー ファイル</Filter>
    </ClInclude>
    <ClInclude Include="Collision.h">
      <Filter>ヘッダー ファイル</Filter>
    </ClInclude>
    <ClInclude Include="CollisionPrimitive.h">
      <Filter>ヘッダー ファイル</Filter>
    </ClInclude>
  </ItemGroup>
  <ItemGroup>
    <ResourceCompile Include="Engine.rc">
      <Filter>リソース ファイル</Filter>
    </ResourceCompile>
  </ItemGroup>
</Project>